{
  "name": "sqlnodejs",
  "version": "1.0.0",
  "lockfileVersion": 1,
  "requires": true,
  "dependencies": {
    "msnodesqlv8": {
      "version": "0.8.10",
      "resolved": "https://registry.npmjs.org/msnodesqlv8/-/msnodesqlv8-0.8.10.tgz",
      "integrity": "sha512-aFtYP5n2JyVV35b4UuiwgsUExpNEoE5IUv6JQzR7REGOmUQlnxqto1gHhSAJf2GvUm/9Ojz3Mc8rJHBzBoSGlQ=="
    }
  }
}
